github.com/go-gl/gl v0.0.0-20211210172815-726fda9656d6 h1:zDw5v7qm4yH7N8C8uWd+8Ii9rROdgWxQuGoJ9WDXxfk=
github.com/go-gl/gl v0.0.0-20211210172815-726fda9656d6/go.mod h1:9YTyiznxEY1fVinfM7RvRcjRHbw2xLBJ3AAGIT0I4Nw=
github.com/go-gl/mathgl v1.0.0 h1:t9DznWJlXxxjeeKLIdovCOVJQk/GzDEL7h/h+Ro2B68=
github.com/go-gl/mathgl v1.0.0/go.mod h1:yhpkQzEiH9yPyxDUGzkmgScbaBVlhC06qodikEM0ZwQ=
github.com/mothfuzz/letsgo v0.0.0-20220112055747-b689850b05ec h1:TJVUc0BWL6bZqql2EwjzQb4MdzuYKKUkQiDo8DqdXwU=
github.com/mothfuzz/letsgo v0.0.0-20220112055747-b689850b05ec/go.mod h1:nb2QGGGJ1VYaqLScnqxkMXMHkZaiZVqC/kuuCRM/1h4=
github.com/mothfuzz/letsgo v0.0.0-20220112113932-18e24b7b9500 h1:e9wphTptvPno6gpPqdLRG6jZD3bPBwo2pMCib5ZxqYI=
github.com/mothfuzz/letsgo v0.0.0-20220112113932-18e24b7b9500/go.mod h1:nb2QGGGJ1VYaqLScnqxkMXMHkZaiZVqC/kuuCRM/1h4=
github.com/mothfuzz/letsgo v0.0.0-20220113011457-af3369238fc4 h1:S8Ylri4x0MYj2Er+id+WFntA3T3PTkABFIkhtL1f9f0=
github.com/mothfuzz/letsgo v0.0.0-20220113011457-af3369238fc4/go.mod h1:nb2QGGGJ1VYaqLScnqxkMXMHkZaiZVqC/kuuCRM/1h4=
github.com/mothfuzz/letsgo v0.0.0-20220115103739-e35963135054 h1:xe3tmoEQ+zvfMiFxB19W5h2sJ7zwumzsVr2K5kt23z4=
github.com/mothfuzz/letsgo v0.0.0-20220115103739-e35963135054/go.mod h1:nb2QGGGJ1VYaqLScnqxkMXMHkZaiZVqC/kuuCRM/1h4=
github.com/veandco/go-sdl2 v0.4.11 h1:Swle6dX6zPoP2mGNMU/R589ET+nnWLeC4Ic+mn2xzfc=
github.com/veandco/go-sdl2 v0.4.11/go.mod h1:OROqMhHD43nT4/i9crJukyVecjPNYYuCofep6SNiAjY=
golang.org/x/image v0.0.0-20190321063152-3fc05d484e9f h1:FO4MZ3N56GnxbqxGKqh+YTzUWQ2sDwtFQEZgLOxh9Jc=
golang.org/x/image v0.0.0-20190321063152-3fc05d484e9f/go.mod h1:kZ7UVZpmo3dzQBMxlp+ypCbDeSB+sBbTgSJuh5dn5js=
golang.org/x/image v0.0.0-20211028202545-6944b10bf410 h1:hTftEOvwiOq2+O8k2D5/Q7COC7k5Qcrgc2TFURJYnvQ=
golang.org/x/image v0.0.0-20211028202545-6944b10bf410/go.mod h1:023OzeP/+EPmXeapQh35lcL3II3LrY8Ic+EFFKVhULM=
golang.org/x/text v0.3.0/go.mod h1:NqM8EUOU14njkJ3fqMW+pc6Ldnwhi/IjpwHt7yyuwOQ=
golang.org/x/text v0.3.6/go.mod h1:5Zoc/QRtKVWzQhOtBMvqHzDpF6irO9z98xDceosuGiQ=
golang.org/x/tools v0.0.0-20180917221912-90fa682c2a6e/go.mod h1:n7NCudcB/nEzxVGmLbDWY5pfWTLqBcC2KZ6jyYvM4mQ=
